
Microsoft Visual Studio Solution File, Format Version 12.00
# Visual Studio 2013
VisualStudioVersion = 12.0.21005.1
MinimumVisualStudioVersion = 10.0.40219.1
Project("{FAE04EC0-301F-11D3-BF4B-00C04F79EFBC}") = "LearnMVC", "LearnMVC\LearnMVC.csproj", "{7C1E9642-3CE0-4C73-BDF0-9CF33E45283A}"
EndProject
Global
	GlobalSection(SolutionConfigurationPlatforms) = preSolution
		Debug|Any CPU = Debug|Any CPU
		Release|Any CPU = Release|Any CPU
	EndGlobalSection
	GlobalSection(ProjectConfigurationPlatforms) = postSolution
		{7C1E9642-3CE0-4C73-BDF0-9CF33E45283A}.Debug|Any CPU.ActiveCfg = Debug|Any CPU
		{7C1E9642-3CE0-4C73-BDF0-9CF33E45283A}.Debug|Any CPU.Build.0 = Debug|Any CPU
		{7C1E9642-3CE0-4C73-BDF0-9CF33E45283A}.Release|Any CPU.ActiveCfg = Release|Any CPU
		{7C1E9642-3CE0-4C73-BDF0-9CF33E45283A}.Release|Any CPU.Build.0 = Release|Any CPU
	EndGlobalSection
	GlobalSection(SolutionProperties) = preSolution
		HideSolutionNode = FALSE
	EndGlobalSection
EndGlobal
